// !$*UTF8*$!
{
	archiveVersion = 1;
	classes = {
	};
	objectVersion = 56;
	objects = {

/* Begin PBXBuildFile section */
		E3FDA2F02B6D351A00C8DED5 /* AppDelegate.swift in Sources */ = {isa = PBXBuildFile; fileRef = E3FDA2EF2B6D351A00C8DED5 /* AppDelegate.swift */; };
		E3FDA2F22B6D351A00C8DED5 /* SceneDelegate.swift in Sources */ = {isa = PBXBuildFile; fileRef = E3FDA2F12B6D351A00C8DED5 /* SceneDelegate.swift */; };
		E3FDA2F92B6D351C00C8DED5 /* Assets.xcassets in Resources */ = {isa = PBXBuildFile; fileRef = E3FDA2F82B6D351C00C8DED5 /* Assets.xcassets */; };
		E3FDA2FC2B6D351C00C8DED5 /* LaunchScreen.storyboard in Resources */ = {isa = PBXBuildFile; fileRef = E3FDA2FA2B6D351C00C8DED5 /* LaunchScreen.storyboard */; };
		E3FDA3092B6D362100C8DED5 /* CharacterDetailViewController.swift in Sources */ = {isa = PBXBuildFile; fileRef = E3FDA3052B6D362100C8DED5 /* CharacterDetailViewController.swift */; };
		E3FDA30A2B6D362100C8DED5 /* CharacterDetailView.swift in Sources */ = {isa = PBXBuildFile; fileRef = E3FDA3082B6D362100C8DED5 /* CharacterDetailView.swift */; };
		E3FDA3192B6D362B00C8DED5 /* CharacterListViewController.swift in Sources */ = {isa = PBXBuildFile; fileRef = E3FDA30D2B6D362B00C8DED5 /* CharacterListViewController.swift */; };
		E3FDA31A2B6D362B00C8DED5 /* ListOfCharactersTableViewDelegate.swift in Sources */ = {isa = PBXBuildFile; fileRef = E3FDA30E2B6D362B00C8DED5 /* ListOfCharactersTableViewDelegate.swift */; };
		E3FDA31B2B6D362B00C8DED5 /* ListOfCharactersTableViewDataSource.swift in Sources */ = {isa = PBXBuildFile; fileRef = E3FDA30F2B6D362B00C8DED5 /* ListOfCharactersTableViewDataSource.swift */; };
		E3FDA31C2B6D362B00C8DED5 /* APIClient.swift in Sources */ = {isa = PBXBuildFile; fileRef = E3FDA3112B6D362B00C8DED5 /* APIClient.swift */; };
		E3FDA31D2B6D362B00C8DED5 /* CharacterModelResponse.swift in Sources */ = {isa = PBXBuildFile; fileRef = E3FDA3122B6D362B00C8DED5 /* CharacterModelResponse.swift */; };
		E3FDA31E2B6D362B00C8DED5 /* CharacterModel.swift in Sources */ = {isa = PBXBuildFile; fileRef = E3FDA3132B6D362B00C8DED5 /* CharacterModel.swift */; };
		E3FDA31F2B6D362B00C8DED5 /* CharacterListView.swift in Sources */ = {isa = PBXBuildFile; fileRef = E3FDA3152B6D362B00C8DED5 /* CharacterListView.swift */; };
		E3FDA3202B6D362B00C8DED5 /* CharacterListCellView.swift in Sources */ = {isa = PBXBuildFile; fileRef = E3FDA3162B6D362B00C8DED5 /* CharacterListCellView.swift */; };
		E3FDA3212B6D362B00C8DED5 /* Main.storyboard in Resources */ = {isa = PBXBuildFile; fileRef = E3FDA3172B6D362B00C8DED5 /* Main.storyboard */; };
/* End PBXBuildFile section */

/* Begin PBXFileReference section */
		E3FDA2EC2B6D351A00C8DED5 /* MVC_Architecture.app */ = {isa = PBXFileReference; explicitFileType = wrapper.application; includeInIndex = 0; path = MVC_Architecture.app; sourceTree = BUILT_PRODUCTS_DIR; };
		E3FDA2EF2B6D351A00C8DED5 /* AppDelegate.swift */ = {isa = PBXFileReference; lastKnownFileType = sourcecode.swift; path = AppDelegate.swift; sourceTree = "<group>"; };
		E3FDA2F12B6D351A00C8DED5 /* SceneDelegate.swift */ = {isa = PBXFileReference; lastKnownFileType = sourcecode.swift; path = SceneDelegate.swift; sourceTree = "<group>"; };
		E3FDA2F82B6D351C00C8DED5 /* Assets.xcassets */ = {isa = PBXFileReference; lastKnownFileType = folder.assetcatalog; path = Assets.xcassets; sourceTree = "<group>"; };
		E3FDA2FB2B6D351C00C8DED5 /* Base */ = {isa = PBXFileReference; lastKnownFileType = file.storyboard; name = Base; path = Base.lproj/LaunchScreen.storyboard; sourceTree = "<group>"; };
		E3FDA2FD2B6D351C00C8DED5 /* Info.plist */ = {isa = PBXFileReference; lastKnownFileType = text.plist.xml; path = Info.plist; sourceTree = "<group>"; };
		E3FDA3052B6D362100C8DED5 /* CharacterDetailViewController.swift */ = {isa = PBXFileReference; fileEncoding = 4; lastKnownFileType = sourcecode.swift; path = CharacterDetailViewController.swift; sourceTree = "<group>"; };
		E3FDA3082B6D362100C8DED5 /* CharacterDetailView.swift */ = {isa = PBXFileReference; fileEncoding = 4; lastKnownFileType = sourcecode.swift; path = CharacterDetailView.swift; sourceTree = "<group>"; };
		E3FDA30D2B6D362B00C8DED5 /* CharacterListViewController.swift */ = {isa = PBXFileReference; fileEncoding = 4; lastKnownFileType = sourcecode.swift; path = CharacterListViewController.swift; sourceTree = "<group>"; };
		E3FDA30E2B6D362B00C8DED5 /* ListOfCharactersTableViewDelegate.swift */ = {isa = PBXFileReference; fileEncoding = 4; lastKnownFileType = sourcecode.swift; path = ListOfCharactersTableViewDelegate.swift; sourceTree = "<group>"; };
		E3FDA30F2B6D362B00C8DED5 /* ListOfCharactersTableViewDataSource.swift */ = {isa = PBXFileReference; fileEncoding = 4; lastKnownFileType = sourcecode.swift; path = ListOfCharactersTableViewDataSource.swift; sourceTree = "<group>"; };
		E3FDA3112B6D362B00C8DED5 /* APIClient.swift */ = {isa = PBXFileReference; fileEncoding = 4; lastKnownFileType = sourcecode.swift; path = APIClient.swift; sourceTree = "<group>"; };
		E3FDA3122B6D362B00C8DED5 /* CharacterModelResponse.swift */ = {isa = PBXFileReference; fileEncoding = 4; lastKnownFileType = sourcecode.swift; path = CharacterModelResponse.swift; sourceTree = "<group>"; };
		E3FDA3132B6D362B00C8DED5 /* CharacterModel.swift */ = {isa = PBXFileReference; fileEncoding = 4; lastKnownFileType = sourcecode.swift; path = CharacterModel.swift; sourceTree = "<group>"; };
		E3FDA3152B6D362B00C8DED5 /* CharacterListView.swift */ = {isa = PBXFileReference; fileEncoding = 4; lastKnownFileType = sourcecode.swift; path = CharacterListView.swift; sourceTree = "<group>"; };
		E3FDA3162B6D362B00C8DED5 /* CharacterListCellView.swift */ = {isa = PBXFileReference; fileEncoding = 4; lastKnownFileType = sourcecode.swift; path = CharacterListCellView.swift; sourceTree = "<group>"; };
		E3FDA3182B6D362B00C8DED5 /* Base */ = {isa = PBXFileReference; lastKnownFileType = file.storyboard; name = Base; path = Base.lproj/Main.storyboard; sourceTree = "<group>"; };
/* End PBXFileReference section */

/* Begin PBXFrameworksBuildPhase section */
		E3FDA2E92B6D351A00C8DED5 /* Frameworks */ = {
			isa = PBXFrameworksBuildPhase;
			buildActionMask = 2147483647;
			files = (
			);
			runOnlyForDeploymentPostprocessing = 0;
		};
/* End PBXFrameworksBuildPhase section */

/* Begin PBXGroup section */
		E3FDA2E32B6D351A00C8DED5 = {
			isa = PBXGroup;
			children = (
				E3FDA2EE2B6D351A00C8DED5 /* MVC_Architecture */,
				E3FDA2ED2B6D351A00C8DED5 /* Products */,
			);
			sourceTree = "<group>";
		};
		E3FDA2ED2B6D351A00C8DED5 /* Products */ = {
			isa = PBXGroup;
			children = (
				E3FDA2EC2B6D351A00C8DED5 /* MVC_Architecture.app */,
			);
			name = Products;
			sourceTree = "<group>";
		};
		E3FDA2EE2B6D351A00C8DED5 /* MVC_Architecture */ = {
			isa = PBXGroup;
			children = (
				E3FDA2EF2B6D351A00C8DED5 /* AppDelegate.swift */,
				E3FDA2F12B6D351A00C8DED5 /* SceneDelegate.swift */,
				E3FDA3032B6D362100C8DED5 /* CHARACTER DETAIL */,
				E3FDA30B2B6D362B00C8DED5 /* LIST OF CHARACTERS */,
				E3FDA2F82B6D351C00C8DED5 /* Assets.xcassets */,
				E3FDA2FA2B6D351C00C8DED5 /* LaunchScreen.storyboard */,
				E3FDA2FD2B6D351C00C8DED5 /* Info.plist */,
			);
			path = MVC_Architecture;
			sourceTree = "<group>";
		};
		E3FDA3032B6D362100C8DED5 /* CHARACTER DETAIL */ = {
			isa = PBXGroup;
			children = (
				E3FDA3042B6D362100C8DED5 /* CONTROLLER */,
				E3FDA3062B6D362100C8DED5 /* MODEL */,
				E3FDA3072B6D362100C8DED5 /* VIEW */,
			);
			name = "CHARACTER DETAIL";
			path = "../../../../../../Desktop/Arquitecture_MVC 11.38.11/Arquitecture_MVC/CHARACTER DETAIL";
			sourceTree = "<group>";
		};
		E3FDA3042B6D362100C8DED5 /* CONTROLLER */ = {
			isa = PBXGroup;
			children = (
				E3FDA3052B6D362100C8DED5 /* CharacterDetailViewController.swift */,
			);
			path = CONTROLLER;
			sourceTree = "<group>";
		};
		E3FDA3062B6D362100C8DED5 /* MODEL */ = {
			isa = PBXGroup;
			children = (
			);
			path = MODEL;
			sourceTree = "<group>";
		};
		E3FDA3072B6D362100C8DED5 /* VIEW */ = {
			isa = PBXGroup;
			children = (
				E3FDA3082B6D362100C8DED5 /* CharacterDetailView.swift */,
			);
			path = VIEW;
			sourceTree = "<group>";
		};
		E3FDA30B2B6D362B00C8DED5 /* LIST OF CHARACTERS */ = {
			isa = PBXGroup;
			children = (
				E3FDA30C2B6D362B00C8DED5 /* CONTROLLER */,
				E3FDA3102B6D362B00C8DED5 /* MODEL */,
				E3FDA3142B6D362B00C8DED5 /* VIEW */,
			);
			name = "LIST OF CHARACTERS";
			path = "../../../../../../Desktop/Arquitecture_MVC 11.38.11/Arquitecture_MVC/LIST OF CHARACTERS";
			sourceTree = "<group>";
		};
		E3FDA30C2B6D362B00C8DED5 /* CONTROLLER */ = {
			isa = PBXGroup;
			children = (
				E3FDA30D2B6D362B00C8DED5 /* CharacterListViewController.swift */,
				E3FDA30E2B6D362B00C8DED5 /* ListOfCharactersTableViewDelegate.swift */,
				E3FDA30F2B6D362B00C8DED5 /* ListOfCharactersTableViewDataSource.swift */,
			);
			path = CONTROLLER;
			sourceTree = "<group>";
		};
		E3FDA3102B6D362B00C8DED5 /* MODEL */ = {
			isa = PBXGroup;
			children = (
				E3FDA3112B6D362B00C8DED5 /* APIClient.swift */,
				E3FDA3122B6D362B00C8DED5 /* CharacterModelResponse.swift */,
				E3FDA3132B6D362B00C8DED5 /* CharacterModel.swift */,
			);
			path = MODEL;
			sourceTree = "<group>";
		};
		E3FDA3142B6D362B00C8DED5 /* VIEW */ = {
			isa = PBXGroup;
			children = (
				E3FDA3152B6D362B00C8DED5 /* CharacterListView.swift */,
				E3FDA3162B6D362B00C8DED5 /* CharacterListCellView.swift */,
				E3FDA3172B6D362B00C8DED5 /* Main.storyboard */,
			);
			path = VIEW;
			sourceTree = "<group>";
		};
/* End PBXGroup section */

/* Begin PBXNativeTarget section */
		E3FDA2EB2B6D351A00C8DED5 /* MVC_Architecture */ = {
			isa = PBXNativeTarget;
			buildConfigurationList = E3FDA3002B6D351C00C8DED5 /* Build configuration list for PBXNativeTarget "MVC_Architecture" */;
			buildPhases = (
				E3FDA2E82B6D351A00C8DED5 /* Sources */,
				E3FDA2E92B6D351A00C8DED5 /* Frameworks */,
				E3FDA2EA2B6D351A00C8DED5 /* Resources */,
			);
			buildRules = (
			);
			dependencies = (
			);
			name = MVC_Architecture;
			productName = MVC_Architecture;
			productReference = E3FDA2EC2B6D351A00C8DED5 /* MVC_Architecture.app */;
			productType = "com.apple.product-type.application";
		};
/* End PBXNativeTarget section */

/* Begin PBXProject section */
		E3FDA2E42B6D351A00C8DED5 /* Project object */ = {
			isa = PBXProject;
			attributes = {
				BuildIndependentTargetsInParallel = 1;
				LastSwiftUpdateCheck = 1500;
				LastUpgradeCheck = 1500;
				TargetAttributes = {
					E3FDA2EB2B6D351A00C8DED5 = {
						CreatedOnToolsVersion = 15.0;
					};
				};
			};
			buildConfigurationList = E3FDA2E72B6D351A00C8DED5 /* Build configuration list for PBXProject "MVC_Architecture" */;
			compatibilityVersion = "Xcode 14.0";
			developmentRegion = en;
			hasScannedForEncodings = 0;
			knownRegions = (
				en,
				Base,
			);
			mainGroup = E3FDA2E32B6D351A00C8DED5;
			productRefGroup = E3FDA2ED2B6D351A00C8DED5 /* Products */;
			projectDirPath = "";
			projectRoot = "";
			targets = (
				E3FDA2EB2B6D351A00C8DED5 /* MVC_Architecture */,
			);
		};
/* End PBXProject section */

/* Begin PBXResourcesBuildPhase section */
		E3FDA2EA2B6D351A00C8DED5 /* Resources */ = {
			isa = PBXResourcesBuildPhase;
			buildActionMask = 2147483647;
			files = (
				E3FDA2FC2B6D351C00C8DED5 /* LaunchScreen.storyboard in Resources */,
				E3FDA2F92B6D351C00C8DED5 /* Assets.xcassets in Resources */,
				E3FDA3212B6D362B00C8DED5 /* Main.storyboard in Resources */,
			);
			runOnlyForDeploymentPostprocessing = 0;
		};
/* End PBXResourcesBuildPhase section */

/* Begin PBXSourcesBuildPhase section */
		E3FDA2E82B6D351A00C8DED5 /* Sources */ = {
			isa = PBXSourcesBuildPhase;
			buildActionMask = 2147483647;
			files = (
				E3FDA31D2B6D362B00C8DED5 /* CharacterModelResponse.swift in Sources */,
				E3FDA30A2B6D362100C8DED5 /* CharacterDetailView.swift in Sources */,
				E3FDA3202B6D362B00C8DED5 /* CharacterListCellView.swift in Sources */,
				E3FDA31A2B6D362B00C8DED5 /* ListOfCharactersTableViewDelegate.swift in Sources */,
				E3FDA31E2B6D362B00C8DED5 /* CharacterModel.swift in Sources */,
				E3FDA31B2B6D362B00C8DED5 /* ListOfCharactersTableViewDataSource.swift in Sources */,
				E3FDA31F2B6D362B00C8DED5 /* CharacterListView.swift in Sources */,
				E3FDA3092B6D362100C8DED5 /* CharacterDetailViewController.swift in Sources */,
				E3FDA2F02B6D351A00C8DED5 /* AppDelegate.swift in Sources */,
				E3FDA3192B6D362B00C8DED5 /* CharacterListViewController.swift in Sources */,
				E3FDA2F22B6D351A00C8DED5 /* SceneDelegate.swift in Sources */,
				E3FDA31C2B6D362B00C8DED5 /* APIClient.swift in Sources */,
			);
			runOnlyForDeploymentPostprocessing = 0;
		};
/* End PBXSourcesBuildPhase section */

/* Begin PBXVariantGroup section */
		E3FDA2FA2B6D351C00C8DED5 /* LaunchScreen.storyboard */ = {
			isa = PBXVariantGroup;
			children = (
				E3FDA2FB2B6D351C00C8DED5 /* Base */,
			);
			name = LaunchScreen.storyboard;
			sourceTree = "<group>";
		};
		E3FDA3172B6D362B00C8DED5 /* Main.storyboard */ = {
			isa = PBXVariantGroup;
			children = (
				E3FDA3182B6D362B00C8DED5 /* Base */,
			);
			name = Main.storyboard;
			sourceTree = "<group>";
		};
/* End PBXVariantGroup section */

/* Begin XCBuildConfiguration section */
		E3FDA2FE2B6D351C00C8DED5 /* Debug */ = {
			isa = XCBuildConfiguration;
			buildSettings = {
				ALWAYS_SEARCH_USER_PATHS = NO;
				ASSETCATALOG_COMPILER_GENERATE_SWIFT_ASSET_SYMBOL_EXTENSIONS = YES;
				CLANG_ANALYZER_NONNULL = YES;
				CLANG_ANALYZER_NUMBER_OBJECT_CONVERSION = YES_AGGRESSIVE;
				CLANG_CXX_LANGUAGE_STANDARD = "gnu++20";
				CLANG_ENABLE_MODULES = YES;
				CLANG_ENABLE_OBJC_ARC = YES;
				CLANG_ENABLE_OBJC_WEAK = YES;
				CLANG_WARN_BLOCK_CAPTURE_AUTORELEASING = YES;
				CLANG_WARN_BOOL_CONVERSION = YES;
				CLANG_WARN_COMMA = YES;
				CLANG_WARN_CONSTANT_CONVERSION = YES;
				CLANG_WARN_DEPRECATED_OBJC_IMPLEMENTATIONS = YES;
				CLANG_WARN_DIRECT_OBJC_ISA_USAGE = YES_ERROR;
				CLANG_WARN_DOCUMENTATION_COMMENTS = YES;
				CLANG_WARN_EMPTY_BODY = YES;
				CLANG_WARN_ENUM_CONVERSION = YES;
				CLANG_WARN_INFINITE_RECURSION = YES;
				CLANG_WARN_INT_CONVERSION = YES;
				CLANG_WARN_NON_LITERAL_NULL_CONVERSION = YES;
				CLANG_WARN_OBJC_IMPLICIT_RETAIN_SELF = YES;
				CLANG_WARN_OBJC_LITERAL_CONVERSION = YES;
				CLANG_WARN_OBJC_ROOT_CLASS = YES_ERROR;
				CLANG_WARN_QUOTED_INCLUDE_IN_FRAMEWORK_HEADER = YES;
				CLANG_WARN_RANGE_LOOP_ANALYSIS = YES;
				CLANG_WARN_STRICT_PROTOTYPES = YES;
				CLANG_WARN_SUSPICIOUS_MOVE = YES;
				CLANG_WARN_UNGUARDED_AVAILABILITY = YES_AGGRESSIVE;
				CLANG_WARN_UNREACHABLE_CODE = YES;
				CLANG_WARN__DUPLICATE_METHOD_MATCH = YES;
				COPY_PHASE_STRIP = NO;
				DEBUG_INFORMATION_FORMAT = dwarf;
				ENABLE_STRICT_OBJC_MSGSEND = YES;
				ENABLE_TESTABILITY = YES;
				ENABLE_USER_SCRIPT_SANDBOXING = YES;
				GCC_C_LANGUAGE_STANDARD = gnu17;
				GCC_DYNAMIC_NO_PIC = NO;
				GCC_NO_COMMON_BLOCKS = YES;
				GCC_OPTIMIZATION_LEVEL = 0;
				GCC_PREPROCESSOR_DEFINITIONS = (
					"DEBUG=1",
					"$(inherited)",
				);
				GCC_WARN_64_TO_32_BIT_CONVERSION = YES;
				GCC_WARN_ABOUT_RETURN_TYPE = YES_ERROR;
				GCC_WARN_UNDECLARED_SELECTOR = YES;
				GCC_WARN_UNINITIALIZED_AUTOS = YES_AGGRESSIVE;
				GCC_WARN_UNUSED_FUNCTION = YES;
				GCC_WARN_UNUSED_VARIABLE = YES;
				IPHONEOS_DEPLOYMENT_TARGET = 17.0;
				LOCALIZATION_PREFERS_STRING_CATALOGS = YES;
				MTL_ENABLE_DEBUG_INFO = INCLUDE_SOURCE;
				MTL_FAST_MATH = YES;
				ONLY_ACTIVE_ARCH = YES;
				SDKROOT = iphoneos;
				SWIFT_ACTIVE_COMPILATION_CONDITIONS = "DEBUG $(inherited)";
				SWIFT_OPTIMIZATION_LEVEL = "-Onone";
			};
			name = Debug;
		};
		E3FDA2FF2B6D351C00C8DED5 /* Release */ = {
			isa = XCBuildConfiguration;
			buildSettings = {
				ALWAYS_SEARCH_USER_PATHS = NO;
				ASSETCATALOG_COMPILER_GENERATE_SWIFT_ASSET_SYMBOL_EXTENSIONS = YES;
				CLANG_ANALYZER_NONNULL = YES;
				CLANG_ANALYZER_NUMBER_OBJECT_CONVERSION = YES_AGGRESSIVE;
				CLANG_CXX_LANGUAGE_STANDARD = "gnu++20";
				CLANG_ENABLE_MODULES = YES;
				CLANG_ENABLE_OBJC_ARC = YES;
				CLANG_ENABLE_OBJC_WEAK = YES;
				CLANG_WARN_BLOCK_CAPTURE_AUTORELEASING = YES;
				CLANG_WARN_BOOL_CONVERSION = YES;
				CLANG_WARN_COMMA = YES;
				CLANG_WARN_CONSTANT_CONVERSION = YES;
				CLANG_WARN_DEPRECATED_OBJC_IMPLEMENTATIONS = YES;
				CLANG_WARN_DIRECT_OBJC_ISA_USAGE = YES_ERROR;
				CLANG_WARN_DOCUMENTATION_COMMENTS = YES;
				CLANG_WARN_EMPTY_BODY = YES;
				CLANG_WARN_ENUM_CONVERSION = YES;
				CLANG_WARN_INFINITE_RECURSION = YES;
				CLANG_WARN_INT_CONVERSION = YES;
				CLANG_WARN_NON_LITERAL_NULL_CONVERSION = YES;
				CLANG_WARN_OBJC_IMPLICIT_RETAIN_SELF = YES;
				CLANG_WARN_OBJC_LITERAL_CONVERSION = YES;
				CLANG_WARN_OBJC_ROOT_CLASS = YES_ERROR;
				CLANG_WARN_QUOTED_INCLUDE_IN_FRAMEWORK_HEADER = YES;
				CLANG_WARN_RANGE_LOOP_ANALYSIS = YES;
				CLANG_WARN_STRICT_PROTOTYPES = YES;
				CLANG_WARN_SUSPICIOUS_MOVE = YES;
				CLANG_WARN_UNGUARDED_AVAILABILITY = YES_AGGRESSIVE;
				CLANG_WARN_UNREACHABLE_CODE = YES;
				CLANG_WARN__DUPLICATE_METHOD_MATCH = YES;
				COPY_PHASE_STRIP = NO;
				DEBUG_INFORMATION_FORMAT = "dwarf-with-dsym";
				ENABLE_NS_ASSERTIONS = NO;
				ENABLE_STRICT_OBJC_MSGSEND = YES;
				ENABLE_USER_SCRIPT_SANDBOXING = YES;
				GCC_C_LANGUAGE_STANDARD = gnu17;
				GCC_NO_COMMON_BLOCKS = YES;
				GCC_WARN_64_TO_32_BIT_CONVERSION = YES;
				GCC_WARN_ABOUT_RETURN_TYPE = YES_ERROR;
				GCC_WARN_UNDECLARED_SELECTOR = YES;
				GCC_WARN_UNINITIALIZED_AUTOS = YES_AGGRESSIVE;
				GCC_WARN_UNUSED_FUNCTION = YES;
				GCC_WARN_UNUSED_VARIABLE = YES;
				IPHONEOS_DEPLOYMENT_TARGET = 17.0;
				LOCALIZATION_PREFERS_STRING_CATALOGS = YES;
				MTL_ENABLE_DEBUG_INFO = NO;
				MTL_FAST_MATH = YES;
				SDKROOT = iphoneos;
				SWIFT_COMPILATION_MODE = wholemodule;
				VALIDATE_PRODUCT = YES;
			};
			name = Release;
		};
		E3FDA3012B6D351C00C8DED5 /* Debug */ = {
			isa = XCBuildConfiguration;
			buildSettings = {
				ASSETCATALOG_COMPILER_APPICON_NAME = AppIcon;
				ASSETCATALOG_COMPILER_GLOBAL_ACCENT_COLOR_NAME = AccentColor;
				CODE_SIGN_STYLE = Automatic;
				CURRENT_PROJECT_VERSION = 1;
				DEVELOPMENT_TEAM = 7VP5583697;
				GENERATE_INFOPLIST_FILE = YES;
				INFOPLIST_FILE = MVC_Architecture/Info.plist;
				INFOPLIST_KEY_UIApplicationSupportsIndirectInputEvents = YES;
				INFOPLIST_KEY_UILaunchStoryboardName = LaunchScreen;
				INFOPLIST_KEY_UIMainStoryboardFile = Main;
				INFOPLIST_KEY_UISupportedInterfaceOrientations = UIInterfaceOrientationPortrait;
				LD_RUNPATH_SEARCH_PATHS = (
					"$(inherited)",
					"@executable_path/Frameworks",
				);
				MARKETING_VERSION = 1.0;
				PRODUCT_BUNDLE_IDENTIFIER = "com.mvc.MVC-Architecture";
				PRODUCT_NAME = "$(TARGET_NAME)";
				SUPPORTED_PLATFORMS = "iphoneos iphonesimulator";
				SUPPORTS_MACCATALYST = NO;
				SWIFT_EMIT_LOC_STRINGS = YES;
				SWIFT_VERSION = 5.0;
				TARGETED_DEVICE_FAMILY = 1;
			};
			name = Debug;
		};
		E3FDA3022B6D351C00C8DED5 /* Release */ = {
			isa = XCBuildConfiguration;
			buildSettings = {
				ASSETCATALOG_COMPILER_APPICON_NAME = AppIcon;
				ASSETCATALOG_COMPILER_GLOBAL_ACCENT_COLOR_NAME = AccentColor;
				CODE_SIGN_STYLE = Automatic;
				CURRENT_PROJECT_VERSION = 1;
				DEVELOPMENT_TEAM = 7VP5583697;
				GENERATE_INFOPLIST_FILE = YES;
				INFOPLIST_FILE = MVC_Architecture/Info.plist;
				INFOPLIST_KEY_UIApplicationSupportsIndirectInputEvents = YES;
				INFOPLIST_KEY_UILaunchStoryboardName = LaunchScreen;
				INFOPLIST_KEY_UIMainStoryboardFile = Main;
				INFOPLIST_KEY_UISupportedInterfaceOrientations = UIInterfaceOrientationPortrait;
				LD_RUNPATH_SEARCH_PATHS = (
					"$(inherited)",
					"@executable_path/Frameworks",
				);
				MARKETING_VERSION = 1.0;
				PRODUCT_BUNDLE_IDENTIFIER = "com.mvc.MVC-Architecture";
				PRODUCT_NAME = "$(TARGET_NAME)";
				SUPPORTED_PLATFORMS = "iphoneos iphonesimulator";
				SUPPORTS_MACCATALYST = NO;
				SWIFT_EMIT_LOC_STRINGS = YES;
				SWIFT_VERSION = 5.0;
				TARGETED_DEVICE_FAMILY = 1;
			};
			name = Release;
		};
/* End XCBuildConfiguration section */

/* Begin XCConfigurationList section */
		E3FDA2E72B6D351A00C8DED5 /* Build configuration list for PBXProject "MVC_Architecture" */ = {
			isa = XCConfigurationList;
			buildConfigurations = (
				E3FDA2FE2B6D351C00C8DED5 /* Debug */,
				E3FDA2FF2B6D351C00C8DED5 /* Release */,
			);
			defaultConfigurationIsVisible = 0;
			defaultConfigurationName = Release;
		};
		E3FDA3002B6D351C00C8DED5 /* Build configuration list for PBXNativeTarget "MVC_Architecture" */ = {
			isa = XCConfigurationList;
			buildConfigurations = (
				E3FDA3012B6D351C00C8DED5 /* Debug */,
				E3FDA3022B6D351C00C8DED5 /* Release */,
			);
			defaultConfigurationIsVisible = 0;
			defaultConfigurationName = Release;
		};
/* End XCConfigurationList section */
	};
	rootObject = E3FDA2E42B6D351A00C8DED5 /* Project object */;
}
