// !$*UTF8*$!
{
	archiveVersion = 1;
	classes = {
	};
	objectVersion = 56;
	objects = {

/* Begin PBXBuildFile section */
		E3BED0E12B7447B400A06DE8 /* AppDelegate.swift in Sources */ = {isa = PBXBuildFile; fileRef = E3BED0E02B7447B400A06DE8 /* AppDelegate.swift */; };
		E3BED0E32B7447B400A06DE8 /* SceneDelegate.swift in Sources */ = {isa = PBXBuildFile; fileRef = E3BED0E22B7447B400A06DE8 /* SceneDelegate.swift */; };
		E3BED0E52B7447B400A06DE8 /* CharacterListViewController.swift in Sources */ = {isa = PBXBuildFile; fileRef = E3BED0E42B7447B400A06DE8 /* CharacterListViewController.swift */; };
		E3BED0E82B7447B400A06DE8 /* Main.storyboard in Resources */ = {isa = PBXBuildFile; fileRef = E3BED0E62B7447B400A06DE8 /* Main.storyboard */; };
		E3BED0EA2B7447B500A06DE8 /* Assets.xcassets in Resources */ = {isa = PBXBuildFile; fileRef = E3BED0E92B7447B500A06DE8 /* Assets.xcassets */; };
		E3BED0ED2B7447B500A06DE8 /* LaunchScreen.storyboard in Resources */ = {isa = PBXBuildFile; fileRef = E3BED0EB2B7447B500A06DE8 /* LaunchScreen.storyboard */; };
		E3BED0F82B7448E200A06DE8 /* APIClient.swift in Sources */ = {isa = PBXBuildFile; fileRef = E3BED0F72B7448E200A06DE8 /* APIClient.swift */; };
		E3BED0FA2B744C2700A06DE8 /* CharacterModelResponse.swift in Sources */ = {isa = PBXBuildFile; fileRef = E3BED0F92B744C2700A06DE8 /* CharacterModelResponse.swift */; };
		E3BED0FC2B744CF000A06DE8 /* CharacterModel.swift in Sources */ = {isa = PBXBuildFile; fileRef = E3BED0FB2B744CF000A06DE8 /* CharacterModel.swift */; };
		E3BED0FE2B744DF400A06DE8 /* CharacterListView.swift in Sources */ = {isa = PBXBuildFile; fileRef = E3BED0FD2B744DF400A06DE8 /* CharacterListView.swift */; };
		E3BED1002B744E9D00A06DE8 /* CharacterListCellViewTableViewCell.swift in Sources */ = {isa = PBXBuildFile; fileRef = E3BED0FF2B744E9D00A06DE8 /* CharacterListCellViewTableViewCell.swift */; };
		E3BED1022B74749400A06DE8 /* ListOfCharactersTableViewDelegate.swift in Sources */ = {isa = PBXBuildFile; fileRef = E3BED1012B74749400A06DE8 /* ListOfCharactersTableViewDelegate.swift */; };
		E3BED1042B7478F300A06DE8 /* ListOfCharactersTableViewDataSource.swift in Sources */ = {isa = PBXBuildFile; fileRef = E3BED1032B7478F300A06DE8 /* ListOfCharactersTableViewDataSource.swift */; };
		E3BED10B2B7483CA00A06DE8 /* CharacterDetailViewController.swift in Sources */ = {isa = PBXBuildFile; fileRef = E3BED10A2B7483CA00A06DE8 /* CharacterDetailViewController.swift */; };
		E3BED10D2B74845E00A06DE8 /* DetailView.swift in Sources */ = {isa = PBXBuildFile; fileRef = E3BED10C2B74845E00A06DE8 /* DetailView.swift */; };
		E3BED1102B75397F00A06DE8 /* Coordinator.swift in Sources */ = {isa = PBXBuildFile; fileRef = E3BED10F2B75397F00A06DE8 /* Coordinator.swift */; };
		E3BED1122B75461C00A06DE8 /* MainCoordinator.swift in Sources */ = {isa = PBXBuildFile; fileRef = E3BED1112B75461C00A06DE8 /* MainCoordinator.swift */; };
		E3BED1142B75688600A06DE8 /* CharacterDetailPushCoordinator.swift in Sources */ = {isa = PBXBuildFile; fileRef = E3BED1132B75688600A06DE8 /* CharacterDetailPushCoordinator.swift */; };
		E3BED1162B75B1CC00A06DE8 /* CharacterDetailModalCoordinator.swift in Sources */ = {isa = PBXBuildFile; fileRef = E3BED1152B75B1CC00A06DE8 /* CharacterDetailModalCoordinator.swift */; };
		E3BED1182B75B85700A06DE8 /* README.md in Resources */ = {isa = PBXBuildFile; fileRef = E3BED1172B75B85700A06DE8 /* README.md */; };
/* End PBXBuildFile section */

/* Begin PBXFileReference section */
		E3BED0DD2B7447B400A06DE8 /* MVC-C.app */ = {isa = PBXFileReference; explicitFileType = wrapper.application; includeInIndex = 0; path = "MVC-C.app"; sourceTree = BUILT_PRODUCTS_DIR; };
		E3BED0E02B7447B400A06DE8 /* AppDelegate.swift */ = {isa = PBXFileReference; lastKnownFileType = sourcecode.swift; path = AppDelegate.swift; sourceTree = "<group>"; };
		E3BED0E22B7447B400A06DE8 /* SceneDelegate.swift */ = {isa = PBXFileReference; lastKnownFileType = sourcecode.swift; path = SceneDelegate.swift; sourceTree = "<group>"; };
		E3BED0E42B7447B400A06DE8 /* CharacterListViewController.swift */ = {isa = PBXFileReference; lastKnownFileType = sourcecode.swift; path = CharacterListViewController.swift; sourceTree = "<group>"; };
		E3BED0E72B7447B400A06DE8 /* Base */ = {isa = PBXFileReference; lastKnownFileType = file.storyboard; name = Base; path = Base.lproj/Main.storyboard; sourceTree = "<group>"; };
		E3BED0E92B7447B500A06DE8 /* Assets.xcassets */ = {isa = PBXFileReference; lastKnownFileType = folder.assetcatalog; path = Assets.xcassets; sourceTree = "<group>"; };
		E3BED0EC2B7447B500A06DE8 /* Base */ = {isa = PBXFileReference; lastKnownFileType = file.storyboard; name = Base; path = Base.lproj/LaunchScreen.storyboard; sourceTree = "<group>"; };
		E3BED0EE2B7447B500A06DE8 /* Info.plist */ = {isa = PBXFileReference; lastKnownFileType = text.plist.xml; path = Info.plist; sourceTree = "<group>"; };
		E3BED0F72B7448E200A06DE8 /* APIClient.swift */ = {isa = PBXFileReference; lastKnownFileType = sourcecode.swift; path = APIClient.swift; sourceTree = "<group>"; };
		E3BED0F92B744C2700A06DE8 /* CharacterModelResponse.swift */ = {isa = PBXFileReference; lastKnownFileType = sourcecode.swift; path = CharacterModelResponse.swift; sourceTree = "<group>"; };
		E3BED0FB2B744CF000A06DE8 /* CharacterModel.swift */ = {isa = PBXFileReference; lastKnownFileType = sourcecode.swift; path = CharacterModel.swift; sourceTree = "<group>"; };
		E3BED0FD2B744DF400A06DE8 /* CharacterListView.swift */ = {isa = PBXFileReference; lastKnownFileType = sourcecode.swift; path = CharacterListView.swift; sourceTree = "<group>"; };
		E3BED0FF2B744E9D00A06DE8 /* CharacterListCellViewTableViewCell.swift */ = {isa = PBXFileReference; lastKnownFileType = sourcecode.swift; path = CharacterListCellViewTableViewCell.swift; sourceTree = "<group>"; };
		E3BED1012B74749400A06DE8 /* ListOfCharactersTableViewDelegate.swift */ = {isa = PBXFileReference; lastKnownFileType = sourcecode.swift; path = ListOfCharactersTableViewDelegate.swift; sourceTree = "<group>"; };
		E3BED1032B7478F300A06DE8 /* ListOfCharactersTableViewDataSource.swift */ = {isa = PBXFileReference; lastKnownFileType = sourcecode.swift; path = ListOfCharactersTableViewDataSource.swift; sourceTree = "<group>"; };
		E3BED10A2B7483CA00A06DE8 /* CharacterDetailViewController.swift */ = {isa = PBXFileReference; lastKnownFileType = sourcecode.swift; path = CharacterDetailViewController.swift; sourceTree = "<group>"; };
		E3BED10C2B74845E00A06DE8 /* DetailView.swift */ = {isa = PBXFileReference; lastKnownFileType = sourcecode.swift; path = DetailView.swift; sourceTree = "<group>"; };
		E3BED10F2B75397F00A06DE8 /* Coordinator.swift */ = {isa = PBXFileReference; lastKnownFileType = sourcecode.swift; path = Coordinator.swift; sourceTree = "<group>"; };
		E3BED1112B75461C00A06DE8 /* MainCoordinator.swift */ = {isa = PBXFileReference; lastKnownFileType = sourcecode.swift; path = MainCoordinator.swift; sourceTree = "<group>"; };
		E3BED1132B75688600A06DE8 /* CharacterDetailPushCoordinator.swift */ = {isa = PBXFileReference; lastKnownFileType = sourcecode.swift; path = CharacterDetailPushCoordinator.swift; sourceTree = "<group>"; };
		E3BED1152B75B1CC00A06DE8 /* CharacterDetailModalCoordinator.swift */ = {isa = PBXFileReference; lastKnownFileType = sourcecode.swift; path = CharacterDetailModalCoordinator.swift; sourceTree = "<group>"; };
		E3BED1172B75B85700A06DE8 /* README.md */ = {isa = PBXFileReference; lastKnownFileType = net.daringfireball.markdown; path = README.md; sourceTree = "<group>"; };
/* End PBXFileReference section */

/* Begin PBXFrameworksBuildPhase section */
		E3BED0DA2B7447B400A06DE8 /* Frameworks */ = {
			isa = PBXFrameworksBuildPhase;
			buildActionMask = 2147483647;
			files = (
			);
			runOnlyForDeploymentPostprocessing = 0;
		};
/* End PBXFrameworksBuildPhase section */

/* Begin PBXGroup section */
		E3BED0D42B7447B300A06DE8 = {
			isa = PBXGroup;
			children = (
				E3BED1172B75B85700A06DE8 /* README.md */,
				E3BED0DF2B7447B400A06DE8 /* MVC-C */,
				E3BED0DE2B7447B400A06DE8 /* Products */,
			);
			sourceTree = "<group>";
		};
		E3BED0DE2B7447B400A06DE8 /* Products */ = {
			isa = PBXGroup;
			children = (
				E3BED0DD2B7447B400A06DE8 /* MVC-C.app */,
			);
			name = Products;
			sourceTree = "<group>";
		};
		E3BED0DF2B7447B400A06DE8 /* MVC-C */ = {
			isa = PBXGroup;
			children = (
				E3BED0E02B7447B400A06DE8 /* AppDelegate.swift */,
				E3BED0E22B7447B400A06DE8 /* SceneDelegate.swift */,
				E3BED10E2B75396900A06DE8 /* Coordinators */,
				E3BED1052B7480F300A06DE8 /* LIST OF CHARACTERS */,
				E3BED1062B74810D00A06DE8 /* CHARACTER DETAIL */,
				E3BED0E92B7447B500A06DE8 /* Assets.xcassets */,
				E3BED0EB2B7447B500A06DE8 /* LaunchScreen.storyboard */,
				E3BED0EE2B7447B500A06DE8 /* Info.plist */,
			);
			path = "MVC-C";
			sourceTree = "<group>";
		};
		E3BED0F42B74489900A06DE8 /* Model */ = {
			isa = PBXGroup;
			children = (
				E3BED0F72B7448E200A06DE8 /* APIClient.swift */,
				E3BED0F92B744C2700A06DE8 /* CharacterModelResponse.swift */,
				E3BED0FB2B744CF000A06DE8 /* CharacterModel.swift */,
			);
			path = Model;
			sourceTree = "<group>";
		};
		E3BED0F52B74489F00A06DE8 /* View */ = {
			isa = PBXGroup;
			children = (
				E3BED0E62B7447B400A06DE8 /* Main.storyboard */,
				E3BED0FD2B744DF400A06DE8 /* CharacterListView.swift */,
				E3BED0FF2B744E9D00A06DE8 /* CharacterListCellViewTableViewCell.swift */,
			);
			path = View;
			sourceTree = "<group>";
		};
		E3BED0F62B7448A500A06DE8 /* Controller */ = {
			isa = PBXGroup;
			children = (
				E3BED0E42B7447B400A06DE8 /* CharacterListViewController.swift */,
				E3BED1012B74749400A06DE8 /* ListOfCharactersTableViewDelegate.swift */,
				E3BED1032B7478F300A06DE8 /* ListOfCharactersTableViewDataSource.swift */,
			);
			path = Controller;
			sourceTree = "<group>";
		};
		E3BED1052B7480F300A06DE8 /* LIST OF CHARACTERS */ = {
			isa = PBXGroup;
			children = (
				E3BED0F42B74489900A06DE8 /* Model */,
				E3BED0F52B74489F00A06DE8 /* View */,
				E3BED0F62B7448A500A06DE8 /* Controller */,
			);
			path = "LIST OF CHARACTERS";
			sourceTree = "<group>";
		};
		E3BED1062B74810D00A06DE8 /* CHARACTER DETAIL */ = {
			isa = PBXGroup;
			children = (
				E3BED1092B74812E00A06DE8 /* Model */,
				E3BED1082B74812A00A06DE8 /* View */,
				E3BED1072B74812000A06DE8 /* Controller */,
			);
			path = "CHARACTER DETAIL";
			sourceTree = "<group>";
		};
		E3BED1072B74812000A06DE8 /* Controller */ = {
			isa = PBXGroup;
			children = (
				E3BED10A2B7483CA00A06DE8 /* CharacterDetailViewController.swift */,
			);
			path = Controller;
			sourceTree = "<group>";
		};
		E3BED1082B74812A00A06DE8 /* View */ = {
			isa = PBXGroup;
			children = (
				E3BED10C2B74845E00A06DE8 /* DetailView.swift */,
			);
			path = View;
			sourceTree = "<group>";
		};
		E3BED1092B74812E00A06DE8 /* Model */ = {
			isa = PBXGroup;
			children = (
			);
			path = Model;
			sourceTree = "<group>";
		};
		E3BED10E2B75396900A06DE8 /* Coordinators */ = {
			isa = PBXGroup;
			children = (
				E3BED10F2B75397F00A06DE8 /* Coordinator.swift */,
				E3BED1112B75461C00A06DE8 /* MainCoordinator.swift */,
				E3BED1132B75688600A06DE8 /* CharacterDetailPushCoordinator.swift */,
				E3BED1152B75B1CC00A06DE8 /* CharacterDetailModalCoordinator.swift */,
			);
			path = Coordinators;
			sourceTree = "<group>";
		};
/* End PBXGroup section */

/* Begin PBXNativeTarget section */
		E3BED0DC2B7447B400A06DE8 /* MVC-C */ = {
			isa = PBXNativeTarget;
			buildConfigurationList = E3BED0F12B7447B500A06DE8 /* Build configuration list for PBXNativeTarget "MVC-C" */;
			buildPhases = (
				E3BED0D92B7447B400A06DE8 /* Sources */,
				E3BED0DA2B7447B400A06DE8 /* Frameworks */,
				E3BED0DB2B7447B400A06DE8 /* Resources */,
			);
			buildRules = (
			);
			dependencies = (
			);
			name = "MVC-C";
			productName = "MVC-C";
			productReference = E3BED0DD2B7447B400A06DE8 /* MVC-C.app */;
			productType = "com.apple.product-type.application";
		};
/* End PBXNativeTarget section */

/* Begin PBXProject section */
		E3BED0D52B7447B300A06DE8 /* Project object */ = {
			isa = PBXProject;
			attributes = {
				BuildIndependentTargetsInParallel = 1;
				LastSwiftUpdateCheck = 1500;
				LastUpgradeCheck = 1500;
				TargetAttributes = {
					E3BED0DC2B7447B400A06DE8 = {
						CreatedOnToolsVersion = 15.0;
					};
				};
			};
			buildConfigurationList = E3BED0D82B7447B300A06DE8 /* Build configuration list for PBXProject "MVC-C" */;
			compatibilityVersion = "Xcode 14.0";
			developmentRegion = en;
			hasScannedForEncodings = 0;
			knownRegions = (
				en,
				Base,
			);
			mainGroup = E3BED0D42B7447B300A06DE8;
			productRefGroup = E3BED0DE2B7447B400A06DE8 /* Products */;
			projectDirPath = "";
			projectRoot = "";
			targets = (
				E3BED0DC2B7447B400A06DE8 /* MVC-C */,
			);
		};
/* End PBXProject section */

/* Begin PBXResourcesBuildPhase section */
		E3BED0DB2B7447B400A06DE8 /* Resources */ = {
			isa = PBXResourcesBuildPhase;
			buildActionMask = 2147483647;
			files = (
				E3BED0ED2B7447B500A06DE8 /* LaunchScreen.storyboard in Resources */,
				E3BED0EA2B7447B500A06DE8 /* Assets.xcassets in Resources */,
				E3BED1182B75B85700A06DE8 /* README.md in Resources */,
				E3BED0E82B7447B400A06DE8 /* Main.storyboard in Resources */,
			);
			runOnlyForDeploymentPostprocessing = 0;
		};
/* End PBXResourcesBuildPhase section */

/* Begin PBXSourcesBuildPhase section */
		E3BED0D92B7447B400A06DE8 /* Sources */ = {
			isa = PBXSourcesBuildPhase;
			buildActionMask = 2147483647;
			files = (
				E3BED10B2B7483CA00A06DE8 /* CharacterDetailViewController.swift in Sources */,
				E3BED1122B75461C00A06DE8 /* MainCoordinator.swift in Sources */,
				E3BED10D2B74845E00A06DE8 /* DetailView.swift in Sources */,
				E3BED1102B75397F00A06DE8 /* Coordinator.swift in Sources */,
				E3BED1022B74749400A06DE8 /* ListOfCharactersTableViewDelegate.swift in Sources */,
				E3BED0FA2B744C2700A06DE8 /* CharacterModelResponse.swift in Sources */,
				E3BED0E52B7447B400A06DE8 /* CharacterListViewController.swift in Sources */,
				E3BED1002B744E9D00A06DE8 /* CharacterListCellViewTableViewCell.swift in Sources */,
				E3BED0FE2B744DF400A06DE8 /* CharacterListView.swift in Sources */,
				E3BED1162B75B1CC00A06DE8 /* CharacterDetailModalCoordinator.swift in Sources */,
				E3BED0E12B7447B400A06DE8 /* AppDelegate.swift in Sources */,
				E3BED0FC2B744CF000A06DE8 /* CharacterModel.swift in Sources */,
				E3BED1042B7478F300A06DE8 /* ListOfCharactersTableViewDataSource.swift in Sources */,
				E3BED0E32B7447B400A06DE8 /* SceneDelegate.swift in Sources */,
				E3BED0F82B7448E200A06DE8 /* APIClient.swift in Sources */,
				E3BED1142B75688600A06DE8 /* CharacterDetailPushCoordinator.swift in Sources */,
			);
			runOnlyForDeploymentPostprocessing = 0;
		};
/* End PBXSourcesBuildPhase section */

/* Begin PBXVariantGroup section */
		E3BED0E62B7447B400A06DE8 /* Main.storyboard */ = {
			isa = PBXVariantGroup;
			children = (
				E3BED0E72B7447B400A06DE8 /* Base */,
			);
			name = Main.storyboard;
			sourceTree = "<group>";
		};
		E3BED0EB2B7447B500A06DE8 /* LaunchScreen.storyboard */ = {
			isa = PBXVariantGroup;
			children = (
				E3BED0EC2B7447B500A06DE8 /* Base */,
			);
			name = LaunchScreen.storyboard;
			sourceTree = "<group>";
		};
/* End PBXVariantGroup section */

/* Begin XCBuildConfiguration section */
		E3BED0EF2B7447B500A06DE8 /* Debug */ = {
			isa = XCBuildConfiguration;
			buildSettings = {
				ALWAYS_SEARCH_USER_PATHS = NO;
				ASSETCATALOG_COMPILER_GENERATE_SWIFT_ASSET_SYMBOL_EXTENSIONS = YES;
				CLANG_ANALYZER_NONNULL = YES;
				CLANG_ANALYZER_NUMBER_OBJECT_CONVERSION = YES_AGGRESSIVE;
				CLANG_CXX_LANGUAGE_STANDARD = "gnu++20";
				CLANG_ENABLE_MODULES = YES;
				CLANG_ENABLE_OBJC_ARC = YES;
				CLANG_ENABLE_OBJC_WEAK = YES;
				CLANG_WARN_BLOCK_CAPTURE_AUTORELEASING = YES;
				CLANG_WARN_BOOL_CONVERSION = YES;
				CLANG_WARN_COMMA = YES;
				CLANG_WARN_CONSTANT_CONVERSION = YES;
				CLANG_WARN_DEPRECATED_OBJC_IMPLEMENTATIONS = YES;
				CLANG_WARN_DIRECT_OBJC_ISA_USAGE = YES_ERROR;
				CLANG_WARN_DOCUMENTATION_COMMENTS = YES;
				CLANG_WARN_EMPTY_BODY = YES;
				CLANG_WARN_ENUM_CONVERSION = YES;
				CLANG_WARN_INFINITE_RECURSION = YES;
				CLANG_WARN_INT_CONVERSION = YES;
				CLANG_WARN_NON_LITERAL_NULL_CONVERSION = YES;
				CLANG_WARN_OBJC_IMPLICIT_RETAIN_SELF = YES;
				CLANG_WARN_OBJC_LITERAL_CONVERSION = YES;
				CLANG_WARN_OBJC_ROOT_CLASS = YES_ERROR;
				CLANG_WARN_QUOTED_INCLUDE_IN_FRAMEWORK_HEADER = YES;
				CLANG_WARN_RANGE_LOOP_ANALYSIS = YES;
				CLANG_WARN_STRICT_PROTOTYPES = YES;
				CLANG_WARN_SUSPICIOUS_MOVE = YES;
				CLANG_WARN_UNGUARDED_AVAILABILITY = YES_AGGRESSIVE;
				CLANG_WARN_UNREACHABLE_CODE = YES;
				CLANG_WARN__DUPLICATE_METHOD_MATCH = YES;
				COPY_PHASE_STRIP = NO;
				DEBUG_INFORMATION_FORMAT = dwarf;
				ENABLE_STRICT_OBJC_MSGSEND = YES;
				ENABLE_TESTABILITY = YES;
				ENABLE_USER_SCRIPT_SANDBOXING = YES;
				GCC_C_LANGUAGE_STANDARD = gnu17;
				GCC_DYNAMIC_NO_PIC = NO;
				GCC_NO_COMMON_BLOCKS = YES;
				GCC_OPTIMIZATION_LEVEL = 0;
				GCC_PREPROCESSOR_DEFINITIONS = (
					"DEBUG=1",
					"$(inherited)",
				);
				GCC_WARN_64_TO_32_BIT_CONVERSION = YES;
				GCC_WARN_ABOUT_RETURN_TYPE = YES_ERROR;
				GCC_WARN_UNDECLARED_SELECTOR = YES;
				GCC_WARN_UNINITIALIZED_AUTOS = YES_AGGRESSIVE;
				GCC_WARN_UNUSED_FUNCTION = YES;
				GCC_WARN_UNUSED_VARIABLE = YES;
				IPHONEOS_DEPLOYMENT_TARGET = 17.0;
				LOCALIZATION_PREFERS_STRING_CATALOGS = YES;
				MTL_ENABLE_DEBUG_INFO = INCLUDE_SOURCE;
				MTL_FAST_MATH = YES;
				ONLY_ACTIVE_ARCH = YES;
				SDKROOT = iphoneos;
				SWIFT_ACTIVE_COMPILATION_CONDITIONS = "DEBUG $(inherited)";
				SWIFT_OPTIMIZATION_LEVEL = "-Onone";
			};
			name = Debug;
		};
		E3BED0F02B7447B500A06DE8 /* Release */ = {
			isa = XCBuildConfiguration;
			buildSettings = {
				ALWAYS_SEARCH_USER_PATHS = NO;
				ASSETCATALOG_COMPILER_GENERATE_SWIFT_ASSET_SYMBOL_EXTENSIONS = YES;
				CLANG_ANALYZER_NONNULL = YES;
				CLANG_ANALYZER_NUMBER_OBJECT_CONVERSION = YES_AGGRESSIVE;
				CLANG_CXX_LANGUAGE_STANDARD = "gnu++20";
				CLANG_ENABLE_MODULES = YES;
				CLANG_ENABLE_OBJC_ARC = YES;
				CLANG_ENABLE_OBJC_WEAK = YES;
				CLANG_WARN_BLOCK_CAPTURE_AUTORELEASING = YES;
				CLANG_WARN_BOOL_CONVERSION = YES;
				CLANG_WARN_COMMA = YES;
				CLANG_WARN_CONSTANT_CONVERSION = YES;
				CLANG_WARN_DEPRECATED_OBJC_IMPLEMENTATIONS = YES;
				CLANG_WARN_DIRECT_OBJC_ISA_USAGE = YES_ERROR;
				CLANG_WARN_DOCUMENTATION_COMMENTS = YES;
				CLANG_WARN_EMPTY_BODY = YES;
				CLANG_WARN_ENUM_CONVERSION = YES;
				CLANG_WARN_INFINITE_RECURSION = YES;
				CLANG_WARN_INT_CONVERSION = YES;
				CLANG_WARN_NON_LITERAL_NULL_CONVERSION = YES;
				CLANG_WARN_OBJC_IMPLICIT_RETAIN_SELF = YES;
				CLANG_WARN_OBJC_LITERAL_CONVERSION = YES;
				CLANG_WARN_OBJC_ROOT_CLASS = YES_ERROR;
				CLANG_WARN_QUOTED_INCLUDE_IN_FRAMEWORK_HEADER = YES;
				CLANG_WARN_RANGE_LOOP_ANALYSIS = YES;
				CLANG_WARN_STRICT_PROTOTYPES = YES;
				CLANG_WARN_SUSPICIOUS_MOVE = YES;
				CLANG_WARN_UNGUARDED_AVAILABILITY = YES_AGGRESSIVE;
				CLANG_WARN_UNREACHABLE_CODE = YES;
				CLANG_WARN__DUPLICATE_METHOD_MATCH = YES;
				COPY_PHASE_STRIP = NO;
				DEBUG_INFORMATION_FORMAT = "dwarf-with-dsym";
				ENABLE_NS_ASSERTIONS = NO;
				ENABLE_STRICT_OBJC_MSGSEND = YES;
				ENABLE_USER_SCRIPT_SANDBOXING = YES;
				GCC_C_LANGUAGE_STANDARD = gnu17;
				GCC_NO_COMMON_BLOCKS = YES;
				GCC_WARN_64_TO_32_BIT_CONVERSION = YES;
				GCC_WARN_ABOUT_RETURN_TYPE = YES_ERROR;
				GCC_WARN_UNDECLARED_SELECTOR = YES;
				GCC_WARN_UNINITIALIZED_AUTOS = YES_AGGRESSIVE;
				GCC_WARN_UNUSED_FUNCTION = YES;
				GCC_WARN_UNUSED_VARIABLE = YES;
				IPHONEOS_DEPLOYMENT_TARGET = 17.0;
				LOCALIZATION_PREFERS_STRING_CATALOGS = YES;
				MTL_ENABLE_DEBUG_INFO = NO;
				MTL_FAST_MATH = YES;
				SDKROOT = iphoneos;
				SWIFT_COMPILATION_MODE = wholemodule;
				VALIDATE_PRODUCT = YES;
			};
			name = Release;
		};
		E3BED0F22B7447B500A06DE8 /* Debug */ = {
			isa = XCBuildConfiguration;
			buildSettings = {
				ASSETCATALOG_COMPILER_APPICON_NAME = AppIcon;
				ASSETCATALOG_COMPILER_GLOBAL_ACCENT_COLOR_NAME = AccentColor;
				CODE_SIGN_STYLE = Automatic;
				CURRENT_PROJECT_VERSION = 1;
				DEVELOPMENT_TEAM = 7VP5583697;
				GENERATE_INFOPLIST_FILE = YES;
				INFOPLIST_FILE = "MVC-C/Info.plist";
				INFOPLIST_KEY_UIApplicationSupportsIndirectInputEvents = YES;
				INFOPLIST_KEY_UILaunchStoryboardName = LaunchScreen;
				INFOPLIST_KEY_UIMainStoryboardFile = Main;
				INFOPLIST_KEY_UISupportedInterfaceOrientations_iPad = "UIInterfaceOrientationPortrait UIInterfaceOrientationPortraitUpsideDown UIInterfaceOrientationLandscapeLeft UIInterfaceOrientationLandscapeRight";
				INFOPLIST_KEY_UISupportedInterfaceOrientations_iPhone = "UIInterfaceOrientationPortrait UIInterfaceOrientationLandscapeLeft UIInterfaceOrientationLandscapeRight";
				LD_RUNPATH_SEARCH_PATHS = (
					"$(inherited)",
					"@executable_path/Frameworks",
				);
				MARKETING_VERSION = 1.0;
				PRODUCT_BUNDLE_IDENTIFIER = "com.mvc-c.MVC-C";
				PRODUCT_NAME = "$(TARGET_NAME)";
				SWIFT_EMIT_LOC_STRINGS = YES;
				SWIFT_VERSION = 5.0;
				TARGETED_DEVICE_FAMILY = "1,2";
			};
			name = Debug;
		};
		E3BED0F32B7447B500A06DE8 /* Release */ = {
			isa = XCBuildConfiguration;
			buildSettings = {
				ASSETCATALOG_COMPILER_APPICON_NAME = AppIcon;
				ASSETCATALOG_COMPILER_GLOBAL_ACCENT_COLOR_NAME = AccentColor;
				CODE_SIGN_STYLE = Automatic;
				CURRENT_PROJECT_VERSION = 1;
				DEVELOPMENT_TEAM = 7VP5583697;
				GENERATE_INFOPLIST_FILE = YES;
				INFOPLIST_FILE = "MVC-C/Info.plist";
				INFOPLIST_KEY_UIApplicationSupportsIndirectInputEvents = YES;
				INFOPLIST_KEY_UILaunchStoryboardName = LaunchScreen;
				INFOPLIST_KEY_UIMainStoryboardFile = Main;
				INFOPLIST_KEY_UISupportedInterfaceOrientations_iPad = "UIInterfaceOrientationPortrait UIInterfaceOrientationPortraitUpsideDown UIInterfaceOrientationLandscapeLeft UIInterfaceOrientationLandscapeRight";
				INFOPLIST_KEY_UISupportedInterfaceOrientations_iPhone = "UIInterfaceOrientationPortrait UIInterfaceOrientationLandscapeLeft UIInterfaceOrientationLandscapeRight";
				LD_RUNPATH_SEARCH_PATHS = (
					"$(inherited)",
					"@executable_path/Frameworks",
				);
				MARKETING_VERSION = 1.0;
				PRODUCT_BUNDLE_IDENTIFIER = "com.mvc-c.MVC-C";
				PRODUCT_NAME = "$(TARGET_NAME)";
				SWIFT_EMIT_LOC_STRINGS = YES;
				SWIFT_VERSION = 5.0;
				TARGETED_DEVICE_FAMILY = "1,2";
			};
			name = Release;
		};
/* End XCBuildConfiguration section */

/* Begin XCConfigurationList section */
		E3BED0D82B7447B300A06DE8 /* Build configuration list for PBXProject "MVC-C" */ = {
			isa = XCConfigurationList;
			buildConfigurations = (
				E3BED0EF2B7447B500A06DE8 /* Debug */,
				E3BED0F02B7447B500A06DE8 /* Release */,
			);
			defaultConfigurationIsVisible = 0;
			defaultConfigurationName = Release;
		};
		E3BED0F12B7447B500A06DE8 /* Build configuration list for PBXNativeTarget "MVC-C" */ = {
			isa = XCConfigurationList;
			buildConfigurations = (
				E3BED0F22B7447B500A06DE8 /* Debug */,
				E3BED0F32B7447B500A06DE8 /* Release */,
			);
			defaultConfigurationIsVisible = 0;
			defaultConfigurationName = Release;
		};
/* End XCConfigurationList section */
	};
	rootObject = E3BED0D52B7447B300A06DE8 /* Project object */;
}
